{
  "version": "2",
  "remote": {
    "https://deno.land/std@0.175.0/async/abortable.ts": "73acfb3ed7261ce0d930dbe89e43db8d34e017b063cf0eaa7d215477bf53442e",
    "https://deno.land/std@0.175.0/async/deadline.ts": "b98e50d2c42399af03ad13bbb8cf59dadb9f0cd5d70648cc0c3b9202d75ab565",
    "https://deno.land/std@0.175.0/async/debounce.ts": "adab11d04ca38d699444ac8a9d9856b4155e8dda2afd07ce78276c01ea5a4332",
    "https://deno.land/std@0.175.0/async/deferred.ts": "42790112f36a75a57db4a96d33974a936deb7b04d25c6084a9fa8a49f135def8",
    "https://deno.land/std@0.175.0/async/delay.ts": "73aa04cec034c84fc748c7be49bb15cac3dd43a57174bfdb7a4aec22c248f0dd",
    "https://deno.land/std@0.175.0/async/mod.ts": "f04344fa21738e5ad6bea37a6bfffd57c617c2d372bb9f9dcfd118a1b622e576",
    "https://deno.land/std@0.175.0/async/mux_async_iterator.ts": "70c7f2ee4e9466161350473ad61cac0b9f115cff4c552eaa7ef9d50c4cbb4cc9",
    "https://deno.land/std@0.175.0/async/pool.ts": "fd082bd4aaf26445909889435a5c74334c017847842ec035739b4ae637ae8260",
    "https://deno.land/std@0.175.0/async/retry.ts": "5efa3ba450ac0c07a40a82e2df296287b5013755d232049efd7ea2244f15b20f",
    "https://deno.land/std@0.175.0/async/tee.ts": "47e42d35f622650b02234d43803d0383a89eb4387e1b83b5a40106d18ae36757",
    "https://deno.land/std@0.175.0/http/server.ts": "cbb17b594651215ba95c01a395700684e569c165a567e4e04bba327f41197433",
    "https://deno.land/std@0.178.0/_util/asserts.ts": "178dfc49a464aee693a7e285567b3d0b555dc805ff490505a8aae34f9cfb1462",
    "https://deno.land/std@0.178.0/_util/os.ts": "d932f56d41e4f6a6093d56044e29ce637f8dcc43c5a90af43504a889cf1775e3",
    "https://deno.land/std@0.178.0/flags/mod.ts": "d1cdefa18472ef69858a17df5cf7c98445ed27ac10e1460183081303b0ebc270",
    "https://deno.land/std@0.178.0/fs/_util.ts": "65381f341af1ff7f40198cee15c20f59951ac26e51ddc651c5293e24f9ce6f32",
    "https://deno.land/std@0.178.0/fs/copy.ts": "14214efd94fc3aa6db1e4af2b4b9578e50f7362b7f3725d5a14ad259a5df26c8",
    "https://deno.land/std@0.178.0/fs/empty_dir.ts": "c3d2da4c7352fab1cf144a1ecfef58090769e8af633678e0f3fabaef98594688",
    "https://deno.land/std@0.178.0/fs/ensure_dir.ts": "724209875497a6b4628dfb256116e5651c4f7816741368d6c44aab2531a1e603",
    "https://deno.land/std@0.178.0/fs/ensure_file.ts": "c38602670bfaf259d86ca824a94e6cb9e5eb73757fefa4ebf43a90dd017d53d9",
    "https://deno.land/std@0.178.0/fs/ensure_link.ts": "c0f5b2f0ec094ed52b9128eccb1ee23362a617457aa0f699b145d4883f5b2fb4",
    "https://deno.land/std@0.178.0/fs/ensure_symlink.ts": "2955cc8332aeca9bdfefd05d8d3976b94e282b0f353392a71684808ed2ffdd41",
    "https://deno.land/std@0.178.0/fs/eol.ts": "f1f2eb348a750c34500741987b21d65607f352cf7205f48f4319d417fff42842",
    "https://deno.land/std@0.178.0/fs/exists.ts": "b8c8a457b71e9d7f29b9d2f87aad8dba2739cbe637e8926d6ba6e92567875f8e",
    "https://deno.land/std@0.178.0/fs/expand_glob.ts": "45d17e89796a24bd6002e4354eda67b4301bb8ba67d2cac8453cdabccf1d9ab0",
    "https://deno.land/std@0.178.0/fs/mod.ts": "bc3d0acd488cc7b42627044caf47d72019846d459279544e1934418955ba4898",
    "https://deno.land/std@0.178.0/fs/move.ts": "4cb47f880e3f0582c55e71c9f8b1e5e8cfaacb5e84f7390781dd563b7298ec19",
    "https://deno.land/std@0.178.0/fs/walk.ts": "ea95ffa6500c1eda6b365be488c056edc7c883a1db41ef46ec3bf057b1c0fe32",
    "https://deno.land/std@0.178.0/path/_constants.ts": "e49961f6f4f48039c0dfed3c3f93e963ca3d92791c9d478ac5b43183413136e0",
    "https://deno.land/std@0.178.0/path/_interface.ts": "6471159dfbbc357e03882c2266d21ef9afdb1e4aa771b0545e90db58a0ba314b",
    "https://deno.land/std@0.178.0/path/_util.ts": "d7abb1e0dea065f427b89156e28cdeb32b045870acdf865833ba808a73b576d0",
    "https://deno.land/std@0.178.0/path/common.ts": "ee7505ab01fd22de3963b64e46cff31f40de34f9f8de1fff6a1bd2fe79380000",
    "https://deno.land/std@0.178.0/path/glob.ts": "d479e0a695621c94d3fd7fe7abd4f9499caf32a8de13f25073451c6ef420a4e1",
    "https://deno.land/std@0.178.0/path/mod.ts": "4b83694ac500d7d31b0cdafc927080a53dc0c3027eb2895790fb155082b0d232",
    "https://deno.land/std@0.178.0/path/posix.ts": "8b7c67ac338714b30c816079303d0285dd24af6b284f7ad63da5b27372a2c94d",
    "https://deno.land/std@0.178.0/path/separator.ts": "0fb679739d0d1d7bf45b68dacfb4ec7563597a902edbaf3c59b50d5bcadd93b1",
    "https://deno.land/std@0.178.0/path/win32.ts": "d186344e5583bcbf8b18af416d13d82b35a317116e6460a5a3953508c3de5bba",
    "https://deno.land/x/aleph@1.0.0-beta.29/runtime/core/routes.ts": "bc733120cca00d8326dcae4035d23f3092fde48f5d7a2af2cee06608fecb905b",
    "https://deno.land/x/aleph@1.0.0-beta.29/runtime/core/url_pattern.ts": "d218c6fe81646adb0dc164b7515a4eff959f4b64b975bfc2ee7696cb0864a3a3",
    "https://deno.land/x/aleph@1.0.0-beta.29/server/types.ts": "e3fbc50ad8ff5b14b22a2f3a9dc59f9f957c5d9f66a90dab0e03201cc560d562",
    "https://deno.land/x/aleph@1.0.0-beta.29/shared/util.ts": "f1d939fd58696daede13cd2c63b56b670a69a9ad1913343af9063494d9f63a20",
    "https://deno.land/x/aleph@1.0.0-beta.29/types.d.ts": "d65f0962822a86fafea3ab1962a6dfdbedf2916384c840d983dfe2de90638cbd",
    "https://deno.land/x/lol_html@0.0.6/types.d.ts": "bf06e1f27f776389334d001992d1e3efe3a335b4688e2c3ca39e307d2ae11cc4",
    "https://esm.sh/v110/@antfu/utils@0.5.2/index.d.ts": "b55dd2eb5ced2eec9fbac96be6fe8d5c30cb9fd875fd47f711882c7e3c2a857d",
    "https://esm.sh/v110/@unocss/core@0.50.3": "175e45bf9e3be2b40599a4a62956c18f8d919c10daca36b1dec1b41624da99e1",
    "https://esm.sh/v110/@unocss/core@0.50.3/deno/core.js": "ad51680a33e7963573ee5a719298d899ff191efabe242498d7211332b6eca1d7",
    "https://esm.sh/v110/@unocss/core@0.50.3/dist/index.d.ts": "b7778d6862ec860d2c2d21f417b27ea039466d9c1d94dc398265bec86148b4b9",
    "https://esm.sh/v110/@unocss/preset-mini@0.50.3/deno/preset-mini.js": "05e8954730fb394853ea723b7b6ff3739aea75e8d75142a022057c02fda8da82",
    "https://esm.sh/v110/@unocss/preset-mini@0.50.3/deno/rules.js": "e32a42bdd17eebd482c03354843d7e5735d384108b88ed350e79bc952beeb28d",
    "https://esm.sh/v110/@unocss/preset-mini@0.50.3/deno/theme.js": "24c78cd2d4b677ca5526d9186571bd35081957755422bead38cc809b5c49bb7b",
    "https://esm.sh/v110/@unocss/preset-mini@0.50.3/deno/utils.js": "338662e921cd4712b7d17627efcbc3f4f5de58792ed5e97117d596a5a882c3d3",
    "https://esm.sh/v110/@unocss/preset-mini@0.50.3/deno/variants.js": "1fddafa585ac791708d7e449f4d74cbe3456aeb4a611af330dcb3b6166b62383",
    "https://esm.sh/v110/@unocss/preset-mini@0.50.3/dist/colors-fdadc382.d.ts": "c3841b7da45b02627f0a3c36e77e29a9d854585d09e04686b4c5502c2a6e63a3",
    "https://esm.sh/v110/@unocss/preset-mini@0.50.3/dist/default-be74c37e.d.ts": "872f06bb486c393347728d23a8d7e1412cab499d097689ee4b1f539a16ec90cd",
    "https://esm.sh/v110/@unocss/preset-mini@0.50.3/dist/index.d.ts": "ceb38f8dbc56734b3d9afcac4f9dc19bd557895d8be9b06e8bc043929048b286",
    "https://esm.sh/v110/@unocss/preset-mini@0.50.3/dist/types-f73ecdfe.d.ts": "5d6ec397df686af228d6e0bb7e2fe0935bc3816fa7052b88a40a57285ec0554a",
    "https://esm.sh/v110/@unocss/preset-mini@0.50.3/dist/utilities-a87209ad.d.ts": "b5e645f38bb788c80e917132a897d8dbdd4b8ec7c6ce10c405f31f52b732b172",
    "https://esm.sh/v110/@unocss/preset-uno@0.50.3": "0ded3e9f2b57662f2f5a143a828d20c8615d6e04676863fa7dc2cf74f05896df",
    "https://esm.sh/v110/@unocss/preset-uno@0.50.3/deno/preset-uno.js": "ab9947b5ab4aa89be681c9ba05939ed46842a1f8f59fa025722e9078bbad90b6",
    "https://esm.sh/v110/@unocss/preset-uno@0.50.3/dist/index.d.ts": "6d2c6118496bb404448a41b7d5f40a73a44d223d02ba5384a04bac0d56c5406d",
    "https://esm.sh/v110/@unocss/preset-wind@0.50.3/deno/preset-wind.js": "91ae43d7526015e09bd4d5f6fb49bcd2ce3f407c54f62a33dd248e399ba1d91f",
    "https://esm.sh/v110/magic-string@0.30.0/index.d.ts": "dff50cb5dc6990d26ea2a5a3320132e872d258d283599e744c8fa603ab40f88b",
    "https://esm.sh/v110/unconfig@0.3.7/dist/index.d.ts": "6ede3993caa0f5903af0f848359ca11c886fc50b299a92dbc139e0d9ecda792d",
    "https://esm.sh/v110/unconfig@0.3.7/dist/types-6886c41e.d.ts": "fab09fbc7ae65e1ed0e2541947eb6e34762b75c84d93beae49b5ccb167b48812"
  }
}
