{
  "nodes": {
    "devenv": {
      "locked": {
        "dir": "src/modules",
        "lastModified": 1681228286,
        "narHash": "sha256-DV9wPPaGfPnpaul9ZrgH/A5rzcjXyIOLnTKfIuYdzxo=",
        "owner": "cachix",
        "repo": "devenv",
        "rev": "86ba8df8d4bd3b7cfa417b4865a78200009b1096",
        "type": "github"
      },
      "original": {
        "dir": "src/modules",
        "owner": "cachix",
        "repo": "devenv",
        "type": "github"
      }
    },
    "flake-compat": {
      "flake": false,
      "locked": {
        "lastModified": 1673956053,
        "narHash": "sha256-4gtG9iQuiKITOjNQQeQIpoIB6b16fm+504Ch3sNKLd8=",
        "owner": "edolstra",
        "repo": "flake-compat",
        "rev": "35bb57c0c8d8b62bbfd284272c928ceb64ddbde9",
        "type": "github"
      },
      "original": {
        "owner": "edolstra",
        "repo": "flake-compat",
        "type": "github"
      }
    },
    "flake-utils": {
      "locked": {
        "lastModified": 1667395993,
        "narHash": "sha256-nuEHfE/LcWyuSWnS8t12N1wc105Qtau+/OdUAjtQ0rA=",
        "owner": "numtide",
        "repo": "flake-utils",
        "rev": "5aed5285a952e0b949eb3ba02c12fa4fcfef535f",
        "type": "github"
      },
      "original": {
        "owner": "numtide",
        "repo": "flake-utils",
        "type": "github"
      }
    },
    "flake-utils_2": {
      "locked": {
        "lastModified": 1659877975,
        "narHash": "sha256-zllb8aq3YO3h8B/U0/J1WBgAL8EX5yWf5pMj3G0NAmc=",
        "owner": "numtide",
        "repo": "flake-utils",
        "rev": "c0e246b9b83f637f4681389ecabcb2681b4f3af0",
        "type": "github"
      },
      "original": {
        "owner": "numtide",
        "repo": "flake-utils",
        "type": "github"
      }
    },
    "gitignore": {
      "inputs": {
        "nixpkgs": [
          "pre-commit-hooks",
          "nixpkgs"
        ]
      },
      "locked": {
        "lastModified": 1660459072,
        "narHash": "sha256-8DFJjXG8zqoONA1vXtgeKXy68KdJL5UaXR8NtVMUbx8=",
        "owner": "hercules-ci",
        "repo": "gitignore.nix",
        "rev": "a20de23b925fd8264fd7fad6454652e142fd7f73",
        "type": "github"
      },
      "original": {
        "owner": "hercules-ci",
        "repo": "gitignore.nix",
        "type": "github"
      }
    },
    "nixpkgs": {
      "locked": {
        "lastModified": 1681272286,
        "narHash": "sha256-9X5p+gwYrowgbsRgkf14HFI0fkr6UikuwRIQAMlF1yI=",
        "owner": "NixOS",
        "repo": "nixpkgs",
        "rev": "6b70761ea8c896aff8994eb367d9526686501860",
        "type": "github"
      },
      "original": {
        "owner": "NixOS",
        "ref": "nixpkgs-unstable",
        "repo": "nixpkgs",
        "type": "github"
      }
    },
    "nixpkgs-stable": {
      "locked": {
        "lastModified": 1678872516,
        "narHash": "sha256-/E1YwtMtFAu2KUQKV/1+KFuReYPANM2Rzehk84VxVoc=",
        "owner": "NixOS",
        "repo": "nixpkgs",
        "rev": "9b8e5abb18324c7fe9f07cb100c3cd4a29cda8b8",
        "type": "github"
      },
      "original": {
        "owner": "NixOS",
        "ref": "nixos-22.11",
        "repo": "nixpkgs",
        "type": "github"
      }
    },
    "nixpkgs_2": {
      "locked": {
        "lastModified": 1665296151,
        "narHash": "sha256-uOB0oxqxN9K7XGF1hcnY+PQnlQJ+3bP2vCn/+Ru/bbc=",
        "owner": "NixOS",
        "repo": "nixpkgs",
        "rev": "14ccaaedd95a488dd7ae142757884d8e125b3363",
        "type": "github"
      },
      "original": {
        "owner": "NixOS",
        "ref": "nixpkgs-unstable",
        "repo": "nixpkgs",
        "type": "github"
      }
    },
    "pre-commit-hooks": {
      "inputs": {
        "flake-compat": "flake-compat",
        "flake-utils": "flake-utils",
        "gitignore": "gitignore",
        "nixpkgs": [
          "nixpkgs"
        ],
        "nixpkgs-stable": "nixpkgs-stable"
      },
      "locked": {
        "lastModified": 1681227715,
        "narHash": "sha256-kQZOoTa177VF5uk1JK7bA9ZTU5g6d5IuDp/6YdxUWao=",
        "owner": "cachix",
        "repo": "pre-commit-hooks.nix",
        "rev": "c77e64a5adab96866ea97449a5a7a327d4629828",
        "type": "github"
      },
      "original": {
        "owner": "cachix",
        "repo": "pre-commit-hooks.nix",
        "type": "github"
      }
    },
    "root": {
      "inputs": {
        "devenv": "devenv",
        "nixpkgs": "nixpkgs",
        "pre-commit-hooks": "pre-commit-hooks",
        "rust-overlay": "rust-overlay"
      }
    },
    "rust-overlay": {
      "inputs": {
        "flake-utils": "flake-utils_2",
        "nixpkgs": "nixpkgs_2"
      },
      "locked": {
        "lastModified": 1681352318,
        "narHash": "sha256-+kwy7bTsuW8GYrRqWRQ8T5hg6duZb5IJiHlKo1J+v9g=",
        "owner": "oxalica",
        "repo": "rust-overlay",
        "rev": "aeaa11c65a5c5cebaa51652353ab3c497b9a7bbf",
        "type": "github"
      },
      "original": {
        "owner": "oxalica",
        "repo": "rust-overlay",
        "type": "github"
      }
    }
  },
  "root": "root",
  "version": 7
}
